# Generated by pub
# See https://dart.dev/tools/pub/glossary#lockfile
packages:
  _fe_analyzer_shared:
    dependency: transitive
    description:
      name: _fe_analyzer_shared
      sha256: ae92f5d747aee634b87f89d9946000c2de774be1d6ac3e58268224348cd0101a
      url: "https://pub.dev"
    source: hosted
    version: "61.0.0"
  _flutterfire_internals:
    dependency: transitive
    description:
      name: _flutterfire_internals
      sha256: "9ebe81588e666f7e2b21309f2b5653bd9642d7f27fd0a6894278d2ff40cb9481"
      url: "https://pub.dev"
    source: hosted
    version: "1.3.2"
  analyzer:
    dependency: "direct overridden"
    description:
      name: analyzer
      sha256: ea3d8652bda62982addfd92fdc2d0214e5f82e43325104990d4f4c4a2a313562
      url: "https://pub.dev"
    source: hosted
    version: "5.13.0"
  archive:
    dependency: transitive
    description:
      name: archive
      sha256: eb33140ede1b4039f4ad631f7bf3cfa58e24514e8bf87184bc32f17541af87fc
      url: "https://pub.dev"
    source: hosted
    version: "3.3.0"
  args:
    dependency: transitive
    description:
      name: args
      sha256: "0bd9a99b6eb96f07af141f0eb53eace8983e8e5aa5de59777aca31684680ef22"
      url: "https://pub.dev"
    source: hosted
    version: "2.3.0"
  async:
    dependency: "direct overridden"
    description:
      name: async
      sha256: "947bfcf187f74dbc5e146c9eb9c0f10c9f8b30743e341481c1e2ed3ecc18c20c"
      url: "https://pub.dev"
    source: hosted
    version: "2.11.0"
  bazel_worker:
    dependency: transitive
    description:
      name: bazel_worker
      sha256: b0f16544323bfc3ba1d879e6b65eee07508009023d51e89978f261cf9853187f
      url: "https://pub.dev"
    source: hosted
    version: "1.0.1"
  boolean_selector:
    dependency: transitive
    description:
      name: boolean_selector
      sha256: "6cfb5af12253eaf2b368f07bacc5a80d1301a071c73360d746b7f2e32d762c66"
      url: "https://pub.dev"
    source: hosted
    version: "2.1.1"
  buffer:
    dependency: "direct main"
    description:
      name: buffer
      sha256: "8962c12174f53e2e848a6acd7ac7fd63d8a1a6a316c20c458a832d87eba5422a"
      url: "https://pub.dev"
    source: hosted
    version: "1.2.0"
  build:
    dependency: transitive
    description:
      name: build
      sha256: "29a03af98de60b4eb9136acd56608a54e989f6da238a80af739415b05589d6df"
      url: "https://pub.dev"
    source: hosted
    version: "2.3.0"
  build_config:
    dependency: "direct overridden"
    description:
      name: build_config
      sha256: bf80fcfb46a29945b423bd9aad884590fb1dc69b330a4d4700cac476af1708d1
      url: "https://pub.dev"
    source: hosted
    version: "1.1.1"
  build_daemon:
    dependency: transitive
    description:
      name: build_daemon
      sha256: "5f02d73eb2ba16483e693f80bee4f088563a820e47d1027d4cdfe62b5bb43e65"
      url: "https://pub.dev"
    source: hosted
    version: "4.0.0"
  build_modules:
    dependency: "direct overridden"
    description:
      name: build_modules
      sha256: "017226b2fd3eef4e5f31839c930efad33110cdfe71b6255c7dca298b38dba61c"
      url: "https://pub.dev"
    source: hosted
    version: "5.0.2"
  build_resolvers:
    dependency: transitive
    description:
      name: build_resolvers
      sha256: d046ad5de5d187ff76437e15eef133abfc4adf0ad5a04584a9abbe771fc295ed
      url: "https://pub.dev"
    source: hosted
    version: "2.0.8"
  build_runner:
    dependency: "direct dev"
    description:
      name: build_runner
      sha256: "220ae4553e50d7c21a17c051afc7b183d28a24a420502e842f303f8e4e6edced"
      url: "https://pub.dev"
    source: hosted
    version: "2.4.4"
  build_runner_core:
    dependency: transitive
    description:
      name: build_runner_core
      sha256: f4d6244cc071ba842c296cb1c4ee1b31596b9f924300647ac7a1445493471a3f
      url: "https://pub.dev"
    source: hosted
    version: "7.2.3"
  build_web_compilers:
    dependency: "direct overridden"
    description:
      name: build_web_compilers
      sha256: e614f5e1317fe9b2574429e3e651951a1c38943416c047e02815a7d6ade264c9
      url: "https://pub.dev"
    source: hosted
    version: "4.0.3"
  built_collection:
    dependency: transitive
    description:
      name: built_collection
      sha256: "376e3dd27b51ea877c28d525560790aee2e6fbb5f20e2f85d5081027d94e2100"
      url: "https://pub.dev"
    source: hosted
    version: "5.1.1"
  built_value:
    dependency: transitive
    description:
      name: built_value
      sha256: b6c9911b2d670376918d5b8779bc27e0e612a94ec3ff0343689e991d8d0a3b8a
      url: "https://pub.dev"
    source: hosted
    version: "8.1.4"
  characters:
    dependency: transitive
    description:
      name: characters
      sha256: "04a925763edad70e8443c99234dc3328f442e811f1d8fd1a72f1c8ad0f69a605"
      url: "https://pub.dev"
    source: hosted
    version: "1.3.0"
  charcode:
    dependency: transitive
    description:
      name: charcode
      sha256: fb98c0f6d12c920a02ee2d998da788bca066ca5f148492b7085ee23372b12306
      url: "https://pub.dev"
    source: hosted
    version: "1.3.1"
  checked_yaml:
    dependency: transitive
    description:
      name: checked_yaml
      sha256: dd007e4fb8270916820a0d66e24f619266b60773cddd082c6439341645af2659
      url: "https://pub.dev"
    source: hosted
    version: "2.0.1"
  chunked_stream:
    dependency: transitive
    description:
      name: chunked_stream
      sha256: a8a0dcb519bd603b397cd242152fe76861d7c65200be58cb8114d96226252ad3
      url: "https://pub.dev"
    source: hosted
    version: "1.4.1"
  clock:
    dependency: transitive
    description:
      name: clock
      sha256: cb6d7f03e1de671e34607e909a7213e31d7752be4fb66a86d29fe1eb14bfb5cf
      url: "https://pub.dev"
    source: hosted
    version: "1.1.1"
  code_builder:
    dependency: transitive
    description:
      name: code_builder
      sha256: "02ce3596b459c666530f045ad6f96209474e8fee6e4855940a3cee65fb872ec5"
      url: "https://pub.dev"
    source: hosted
    version: "4.3.0"
  collection:
    dependency: "direct overridden"
    description:
      name: collection
      sha256: f092b211a4319e98e5ff58223576de6c2803db36221657b46c82574721240687
      url: "https://pub.dev"
    source: hosted
    version: "1.17.2"
  collection_diff:
    dependency: "direct main"
    description:
      path: "/Users/ericm/aesthetika/checkout/SunnyApp/collection_diff"
      relative: false
    source: path
    version: "2.0.3+6"
  collection_diff_worker:
    dependency: "direct overridden"
    description:
      path: "/Users/ericm/aesthetika/checkout/SunnyApp/collection_diff_worker"
      relative: false
    source: path
    version: "0.5.5+7"
  convert:
    dependency: transitive
    description:
      name: convert
      sha256: f08428ad63615f96a27e34221c65e1a451439b5f26030f78d790f461c686d65d
      url: "https://pub.dev"
    source: hosted
    version: "3.0.1"
  crypto:
    dependency: "direct overridden"
    description:
      name: crypto
      sha256: ff625774173754681d66daaf4a448684fb04b78f902da9cb3d308c19cc5e8bab
      url: "https://pub.dev"
    source: hosted
    version: "3.0.3"
  dart_countries:
    dependency: transitive
    description:
      name: dart_countries
      sha256: c42fc90c38d57c857960b793c45d9cf2ba227f5eeb43c69d25d9ea47a9d44553
      url: "https://pub.dev"
    source: hosted
    version: "3.0.3"
  dart_style:
    dependency: "direct overridden"
    description:
      name: dart_style
      sha256: f4f1f73ab3fd2afcbcca165ee601fe980d966af6a21b5970c6c9376955c528ad
      url: "https://pub.dev"
    source: hosted
    version: "2.3.1"
  dartx:
    dependency: "direct main"
    description:
      name: dartx
      sha256: "45d7176701f16c5a5e00a4798791c1964bc231491b879369c818dd9a9c764871"
      url: "https://pub.dev"
    source: hosted
    version: "1.1.0"
  dartxx:
    dependency: "direct main"
    description:
      path: "/Users/ericm/aesthetika/checkout/ericmartineau/dartxx"
      relative: false
    source: path
    version: "0.5.5"
  dio:
    dependency: "direct main"
    description:
      name: dio
      sha256: b99b1d56dc0d5dece70957023af002dbd49614b4a1bf86d3a254af3fe781bdf2
      url: "https://pub.dev"
    source: hosted
    version: "5.2.0+1"
  equatable:
    dependency: "direct overridden"
    description:
      name: equatable
      sha256: c2b87cb7756efdf69892005af546c56c0b5037f54d2a88269b4f347a505e3ca2
      url: "https://pub.dev"
    source: hosted
    version: "2.0.5"
  fake_async:
    dependency: transitive
    description:
      name: fake_async
      sha256: "511392330127add0b769b75a987850d136345d9227c6b94c96a04cf4a391bf78"
      url: "https://pub.dev"
    source: hosted
    version: "1.3.1"
  ffi:
    dependency: "direct overridden"
    description:
      name: ffi
      sha256: ed5337a5660c506388a9f012be0288fb38b49020ce2b45fe1f8b8323fe429f99
      url: "https://pub.dev"
    source: hosted
    version: "2.0.2"
  file:
    dependency: transitive
    description:
      name: file
      sha256: b69516f2c26a5bcac4eee2e32512e1a5205ab312b3536c1c1227b2b942b5f9ad
      url: "https://pub.dev"
    source: hosted
    version: "6.1.2"
  firebase_auth:
    dependency: "direct overridden"
    description:
      name: firebase_auth
      sha256: "19508428ca37f611ae47067ee6ebb3ba5a27014941177cc224f71bf7d0720cdd"
      url: "https://pub.dev"
    source: hosted
    version: "4.6.2"
  firebase_auth_platform_interface:
    dependency: transitive
    description:
      name: firebase_auth_platform_interface
      sha256: e46e136a6f6eec88b30f12445ff7f5b19b23b7ede694921ced4f8eba8eb634f6
      url: "https://pub.dev"
    source: hosted
    version: "6.15.2"
  firebase_auth_web:
    dependency: transitive
    description:
      name: firebase_auth_web
      sha256: "553bd576d793d05b920971a2c7ab02bd049d4971153702074ea2555877efd392"
      url: "https://pub.dev"
    source: hosted
    version: "5.5.2"
  firebase_core:
    dependency: "direct overridden"
    description:
      name: firebase_core
      sha256: e9b36b391690cf329c6fb1de220045e97c13784c303820cd33962319580a56c6
      url: "https://pub.dev"
    source: hosted
    version: "2.13.1"
  firebase_core_platform_interface:
    dependency: transitive
    description:
      name: firebase_core_platform_interface
      sha256: b63e3be6c96ef5c33bdec1aab23c91eb00696f6452f0519401d640938c94cba2
      url: "https://pub.dev"
    source: hosted
    version: "4.8.0"
  firebase_core_web:
    dependency: transitive
    description:
      name: firebase_core_web
      sha256: "8c0f4c87d20e2d001a5915df238c1f9c88704231f591324205f5a5d2a7740a45"
      url: "https://pub.dev"
    source: hosted
    version: "2.5.0"
  fixnum:
    dependency: transitive
    description:
      name: fixnum
      sha256: "6a2ef17156f4dc49684f9d99aaf4a93aba8ac49f5eac861755f5730ddf6e2e4e"
      url: "https://pub.dev"
    source: hosted
    version: "1.0.0"
  flexidate:
    dependency: "direct overridden"
    description:
      path: "/Users/ericm/aesthetika/checkout/ericmartineau/flexidate"
      relative: false
    source: path
    version: "0.8.0+3"
  flutter:
    dependency: transitive
    description: flutter
    source: sdk
    version: "0.0.0"
  flutter_degen:
    dependency: "direct overridden"
    description:
      path: "/Users/ericm/aesthetika/checkout/SunnyApp/flutter_degen"
      relative: false
    source: path
    version: "0.8.2+1"
  flutter_degen_annotations:
    dependency: "direct overridden"
    description:
      path: "/Users/ericm/aesthetika/checkout/ericmartineau/flutter_degen_annotations"
      relative: false
    source: path
    version: "1.7.0"
  flutter_test:
    dependency: transitive
    description: flutter
    source: sdk
    version: "0.0.0"
  flutter_web_plugins:
    dependency: transitive
    description: flutter
    source: sdk
    version: "0.0.0"
  frontend_server_client:
    dependency: transitive
    description:
      name: frontend_server_client
      sha256: "408e3ca148b31c20282ad6f37ebfa6f4bdc8fede5b74bc2f08d9d92b55db3612"
      url: "https://pub.dev"
    source: hosted
    version: "3.2.0"
  glob:
    dependency: transitive
    description:
      name: glob
      sha256: "8321dd2c0ab0683a91a51307fa844c6db4aa8e3981219b78961672aaab434658"
      url: "https://pub.dev"
    source: hosted
    version: "2.0.2"
  gql:
    dependency: "direct overridden"
    description:
      name: gql
      sha256: b05d544d709d276c0cced82d630518e92139b426b20d1b11e973e123d07fbf52
      url: "https://pub.dev"
    source: hosted
    version: "1.0.0"
  gql_dedupe_link:
    dependency: transitive
    description:
      name: gql_dedupe_link
      sha256: dac8e5eec5e9f6274302e5c01f77c7558f89d727f2c0dff7cda568c440a171cd
      url: "https://pub.dev"
    source: hosted
    version: "2.0.4-alpha+1686240656097"
  gql_error_link:
    dependency: transitive
    description:
      name: gql_error_link
      sha256: bfdb543137da89448cc5d003fd029c2e8718931d39d4a7dedb16f9169862fbb9
      url: "https://pub.dev"
    source: hosted
    version: "1.0.0"
  gql_exec:
    dependency: transitive
    description:
      name: gql_exec
      sha256: "04fb14e41fdc3fafa80fa7218224bceba019e00b80de9130c2dd0a9a77c6392d"
      url: "https://pub.dev"
    source: hosted
    version: "1.0.1-alpha+1686240655996"
  gql_http_link:
    dependency: "direct main"
    description:
      name: gql_http_link
      sha256: "365c0e72da7e29e007c4a0ed7a470f6c03af1ef00acd2af3c22157c8bb47f314"
      url: "https://pub.dev"
    source: hosted
    version: "1.0.0"
  gql_link:
    dependency: transitive
    description:
      name: gql_link
      sha256: ecf2419e6c543d1b8dedd7dbbc538ce037f4d53a3b5b7d694a98a7d636da2817
      url: "https://pub.dev"
    source: hosted
    version: "1.0.1-alpha+1686240656001"
  gql_transform_link:
    dependency: transitive
    description:
      name: gql_transform_link
      sha256: "0645fdd874ca1be695fd327271fdfb24c0cd6fa40774a64b946062f321a59709"
      url: "https://pub.dev"
    source: hosted
    version: "1.0.0"
  graphql:
    dependency: "direct main"
    description:
      name: graphql
      sha256: ad11e6d12de4d73971ae1dd80885b09f3cbc0bf143b1cbc5622a6dc6d85735e7
      url: "https://pub.dev"
    source: hosted
    version: "5.2.0-beta.4"
  graphs:
    dependency: transitive
    description:
      name: graphs
      sha256: aedc5a15e78fc65a6e23bcd927f24c64dd995062bcd1ca6eda65a3cff92a4d19
      url: "https://pub.dev"
    source: hosted
    version: "2.3.1"
  grunt_web_worker_gen:
    dependency: "direct main"
    description:
      path: "/Users/ericm/aesthetika/checkout/ericmartineau/grunt_web_worker_gen"
      relative: false
    source: path
    version: "0.8.7+1"
  hive:
    dependency: transitive
    description:
      name: hive
      sha256: c3f8ba18522e7d63edfdd69a1e3be8de951538e67b6af00e185d6297ecd445f7
      url: "https://pub.dev"
    source: hosted
    version: "2.1.0"
  http:
    dependency: "direct main"
    description:
      name: http
      sha256: "4c3f04bfb64d3efd508d06b41b825542f08122d30bda4933fb95c069d22a4fa3"
      url: "https://pub.dev"
    source: hosted
    version: "1.0.0"
  http_multi_server:
    dependency: transitive
    description:
      name: http_multi_server
      sha256: ab298ef2b2acd283bd36837df7801dcf6e6b925f8da6e09efb81111230aa9037
      url: "https://pub.dev"
    source: hosted
    version: "3.2.0"
  http_parser:
    dependency: transitive
    description:
      name: http_parser
      sha256: e362d639ba3bc07d5a71faebb98cde68c05bfbcfbbb444b60b6f60bb67719185
      url: "https://pub.dev"
    source: hosted
    version: "4.0.0"
  inflection3:
    dependency: "direct overridden"
    description:
      name: inflection3
      sha256: cb54689bcfe3c0168a6979ee3191df584dcef4f870c5ef41c798bcb35ff5aca3
      url: "https://pub.dev"
    source: hosted
    version: "0.5.3+2"
  info_x:
    dependency: "direct overridden"
    description:
      path: "/Users/ericm/aesthetika/checkout/ericmartineau/info_x"
      relative: false
    source: path
    version: "0.8.0+3"
  intl:
    dependency: "direct overridden"
    description:
      name: intl
      sha256: "3bc132a9dbce73a7e4a21a17d06e1878839ffbf975568bc875c60537824b0c4d"
      url: "https://pub.dev"
    source: hosted
    version: "0.18.1"
  io:
    dependency: transitive
    description:
      name: io
      sha256: "0d4c73c3653ab85bf696d51a9657604c900a370549196a91f33e4c39af760852"
      url: "https://pub.dev"
    source: hosted
    version: "1.0.3"
  isolates:
    dependency: "direct overridden"
    description:
      path: "/Users/ericm/aesthetika/checkout/SunnyApp/isolate"
      relative: false
    source: path
    version: "3.0.3+8"
  js:
    dependency: "direct overridden"
    description:
      name: js
      sha256: f2c445dce49627136094980615a031419f7f3eb393237e4ecd97ac15dea343f3
      url: "https://pub.dev"
    source: hosted
    version: "0.6.7"
  json_annotation:
    dependency: transitive
    description:
      name: json_annotation
      sha256: "3520fa844009431b5d4491a5a778603520cdc399ab3406332dcc50f93547258c"
      url: "https://pub.dev"
    source: hosted
    version: "4.7.0"
  logging:
    dependency: "direct main"
    description:
      name: logging
      sha256: "623a88c9594aa774443aa3eb2d41807a48486b5613e67599fb4c41c0ad47c340"
      url: "https://pub.dev"
    source: hosted
    version: "1.2.0"
  logging_config:
    dependency: "direct main"
    description:
      path: "/Users/ericm/aesthetika/checkout/SunnyApp/logging_config"
      relative: false
    source: path
    version: "0.6.7+7"
  m_entity:
    dependency: "direct overridden"
    description:
      path: "/Users/ericm/aesthetika/checkout/SunnyApp/sunny_entities/m_entity"
      relative: false
    source: path
    version: "1.1.4"
  matcher:
    dependency: transitive
    description:
      name: matcher
      sha256: "6501fbd55da300384b768785b83e5ce66991266cec21af89ab9ae7f5ce1c4cbb"
      url: "https://pub.dev"
    source: hosted
    version: "0.12.15"
  material_color_utilities:
    dependency: transitive
    description:
      name: material_color_utilities
      sha256: "586678f20e112219ed0f73215f01bcdf1d769824ba2ebae45ad918a9bfde9bdb"
      url: "https://pub.dev"
    source: hosted
    version: "0.3.0"
  meta:
    dependency: "direct overridden"
    description:
      name: meta
      sha256: "3c74dbf8763d36539f114c799d8a2d87343b5067e9d796ca22b5eb8437090ee3"
      url: "https://pub.dev"
    source: hosted
    version: "1.9.1"
  mime:
    dependency: transitive
    description:
      name: mime
      sha256: fd5f81041e6a9fc9b9d7fa2cb8a01123f9f5d5d49136e06cb9dc7d33689529f4
      url: "https://pub.dev"
    source: hosted
    version: "1.0.1"
  mobx:
    dependency: "direct overridden"
    description:
      name: mobx
      sha256: f1862bd92c6a903fab67338f27e2f731117c3cb9ea37cee1a487f9e4e0de314a
      url: "https://pub.dev"
    source: hosted
    version: "2.1.3+1"
  nested:
    dependency: transitive
    description:
      name: nested
      sha256: "03bac4c528c64c95c722ec99280375a6f2fc708eec17c7b3f07253b626cd2a20"
      url: "https://pub.dev"
    source: hosted
    version: "1.0.0"
  normalize:
    dependency: transitive
    description:
      name: normalize
      sha256: "8a60e37de5b608eeaf9b839273370c71ebba445e9f73b08eee7725e0d92dbc43"
      url: "https://pub.dev"
    source: hosted
    version: "0.8.2+1"
  observable_collections:
    dependency: "direct main"
    description:
      path: "/Users/ericm/aesthetika/checkout/SunnyApp/observable_collections"
      relative: false
    source: path
    version: "0.7.1"
  package_config:
    dependency: transitive
    description:
      name: package_config
      sha256: a4d5ede5ca9c3d88a2fef1147a078570c861714c806485c596b109819135bc12
      url: "https://pub.dev"
    source: hosted
    version: "2.0.2"
  path:
    dependency: "direct overridden"
    description:
      name: path
      sha256: "8829d8a55c13fc0e37127c29fedf290c102f4e40ae94ada574091fe0ff96c917"
      url: "https://pub.dev"
    source: hosted
    version: "1.8.3"
  path_provider:
    dependency: "direct overridden"
    description:
      name: path_provider
      sha256: "3087813781ab814e4157b172f1a11c46be20179fcc9bea043e0fba36bc0acaa2"
      url: "https://pub.dev"
    source: hosted
    version: "2.0.15"
  path_provider_android:
    dependency: transitive
    description:
      name: path_provider_android
      sha256: "8b759fb6c74955931e87f550cc9e890b0cccb7ef8e710943973efeaa9695c54d"
      url: "https://pub.dev"
    source: hosted
    version: "2.0.12"
  path_provider_foundation:
    dependency: transitive
    description:
      name: path_provider_foundation
      sha256: "62a68e7e1c6c459f9289859e2fae58290c981ce21d1697faf54910fe1faa4c74"
      url: "https://pub.dev"
    source: hosted
    version: "2.1.1"
  path_provider_linux:
    dependency: transitive
    description:
      name: path_provider_linux
      sha256: "1e109f4df28bd95eab71e323008b53d19c4d633bc1ab05b577518773474e9621"
      url: "https://pub.dev"
    source: hosted
    version: "2.1.5"
  path_provider_platform_interface:
    dependency: transitive
    description:
      name: path_provider_platform_interface
      sha256: "3dc0d51b07f85fec3746d9f4e8d31c73bb173cafa2e763f03f8df2e8d1878882"
      url: "https://pub.dev"
    source: hosted
    version: "2.0.3"
  path_provider_windows:
    dependency: transitive
    description:
      name: path_provider_windows
      sha256: "366ad4e3541ea707f859e7148d4d5aba67d589d7936cee04a05c464a277eeb27"
      url: "https://pub.dev"
    source: hosted
    version: "2.0.5"
  pedantic:
    dependency: "direct overridden"
    description:
      name: pedantic
      sha256: "67fc27ed9639506c856c840ccce7594d0bdcd91bc8d53d6e52359449a1d50602"
      url: "https://pub.dev"
    source: hosted
    version: "1.11.1"
  permission_handler:
    dependency: "direct main"
    description:
      name: permission_handler
      sha256: "33c6a1253d1f95fd06fa74b65b7ba907ae9811f9d5c1d3150e51417d04b8d6a8"
      url: "https://pub.dev"
    source: hosted
    version: "10.2.0"
  permission_handler_android:
    dependency: transitive
    description:
      name: permission_handler_android
      sha256: "8028362b40c4a45298f1cbfccd227c8dd6caf0e27088a69f2ba2ab15464159e2"
      url: "https://pub.dev"
    source: hosted
    version: "10.2.0"
  permission_handler_apple:
    dependency: transitive
    description:
      name: permission_handler_apple
      sha256: "9c370ef6a18b1c4b2f7f35944d644a56aa23576f23abee654cf73968de93f163"
      url: "https://pub.dev"
    source: hosted
    version: "9.0.7"
  permission_handler_platform_interface:
    dependency: transitive
    description:
      name: permission_handler_platform_interface
      sha256: "68abbc472002b5e6dfce47fe9898c6b7d8328d58b5d2524f75e277c07a97eb84"
      url: "https://pub.dev"
    source: hosted
    version: "3.9.0"
  permission_handler_windows:
    dependency: transitive
    description:
      name: permission_handler_windows
      sha256: f67cab14b4328574938ecea2db3475dad7af7ead6afab6338772c5f88963e38b
      url: "https://pub.dev"
    source: hosted
    version: "0.1.2"
  pfile:
    dependency: "direct main"
    description:
      path: "/Users/ericm/aesthetika/checkout/SunnyApp/pfile"
      relative: false
    source: path
    version: "2.2.0"
  phone_number_metadata:
    dependency: transitive
    description:
      name: phone_number_metadata
      sha256: "5788320b6bc58d85b1151e6406f52caa9c7f879064ed11bd4f945d3ca5c88fda"
      url: "https://pub.dev"
    source: hosted
    version: "5.0.4"
  phone_numbers_parser:
    dependency: "direct overridden"
    description:
      name: phone_numbers_parser
      sha256: a3659911edc70e13da02a4d4374e4600b0862f8a56b94ba6a9d67afa9aba830d
      url: "https://pub.dev"
    source: hosted
    version: "7.0.2"
  platform:
    dependency: "direct overridden"
    description:
      name: platform
      sha256: "4a451831508d7d6ca779f7ac6e212b4023dd5a7d08a27a63da33756410e32b76"
      url: "https://pub.dev"
    source: hosted
    version: "3.1.0"
  platform_detect2:
    dependency: "direct overridden"
    description:
      path: "/Users/ericm/aesthetika/checkout/ericmartineau/platform_detect"
      relative: false
    source: path
    version: "1.5.0+2"
  plugin_platform_interface:
    dependency: "direct overridden"
    description:
      name: plugin_platform_interface
      sha256: "6a2128648c854906c53fa8e33986fc0247a1116122f9534dd20e3ab9e16a32bc"
      url: "https://pub.dev"
    source: hosted
    version: "2.1.4"
  pool:
    dependency: transitive
    description:
      name: pool
      sha256: "05955e3de2683e1746222efd14b775df7131139e07695dc8e24650f6b4204504"
      url: "https://pub.dev"
    source: hosted
    version: "1.5.0"
  process:
    dependency: transitive
    description:
      name: process
      sha256: "53fd8db9cec1d37b0574e12f07520d582019cb6c44abf5479a01505099a34a09"
      url: "https://pub.dev"
    source: hosted
    version: "4.2.4"
  protobuf:
    dependency: transitive
    description:
      name: protobuf
      sha256: f9b7809db75bc95d411bc197d714613fb42f0b0c17553c95568a2a9179d2a7ea
      url: "https://pub.dev"
    source: hosted
    version: "2.0.1"
  provider:
    dependency: "direct dev"
    description:
      name: provider
      sha256: cdbe7530b12ecd9eb455bdaa2fcb8d4dad22e80b8afb4798b41479d5ce26847f
      url: "https://pub.dev"
    source: hosted
    version: "6.0.5"
  pub_semver:
    dependency: "direct overridden"
    description:
      name: pub_semver
      sha256: "40d3ab1bbd474c4c2328c91e3a7df8c6dd629b79ece4c4bd04bee496a224fb0c"
      url: "https://pub.dev"
    source: hosted
    version: "2.1.4"
  pubspec_parse:
    dependency: transitive
    description:
      name: pubspec_parse
      sha256: "3686efe4a4613a4449b1a4ae08670aadbd3376f2e78d93e3f8f0919db02a7256"
      url: "https://pub.dev"
    source: hosted
    version: "1.2.0"
  quiver:
    dependency: transitive
    description:
      name: quiver
      sha256: "616b691d1c8f5c53b7b39ce3542f6a25308d7900bf689d0210e72a644a10387e"
      url: "https://pub.dev"
    source: hosted
    version: "3.0.1+1"
  recase:
    dependency: "direct overridden"
    description:
      name: recase
      sha256: e4eb4ec2dcdee52dcf99cb4ceabaffc631d7424ee55e56f280bc039737f89213
      url: "https://pub.dev"
    source: hosted
    version: "4.1.0"
  responsive_builder:
    dependency: "direct overridden"
    description:
      name: responsive_builder
      sha256: a38ba9ba86c9daf08904674553034b651377b1d685d10ee450d8350ae51f76ec
      url: "https://pub.dev"
    source: hosted
    version: "0.7.0"
  rxdart:
    dependency: transitive
    description:
      name: rxdart
      sha256: bc2d2b17b87fab32e2dca53ca3066d3147de6f96c74d76cfe1a379a24239c46d
      url: "https://pub.dev"
    source: hosted
    version: "0.27.3"
  scratch_space:
    dependency: transitive
    description:
      name: scratch_space
      sha256: a469a9642a4d7ee406d6224a85446eb8baa9dd6d81e2f0b76770deae7bd32aab
      url: "https://pub.dev"
    source: hosted
    version: "1.0.1"
  semaphore:
    dependency: "direct main"
    description:
      name: semaphore
      sha256: "01fe9efb33f88e4401d72c6f4d85bdd07c63b662e2bd0abdfee2fc9cb5849555"
      url: "https://pub.dev"
    source: hosted
    version: "0.2.1"
  shelf:
    dependency: transitive
    description:
      name: shelf
      sha256: "4592f6cb6c417632ebdfb63e4db42a7e3ad49d1bd52d9f93b6eb883035ddc0c3"
      url: "https://pub.dev"
    source: hosted
    version: "1.3.0"
  shelf_web_socket:
    dependency: transitive
    description:
      name: shelf_web_socket
      sha256: fd84910bf7d58db109082edf7326b75322b8f186162028482f53dc892f00332d
      url: "https://pub.dev"
    source: hosted
    version: "1.0.1"
  sky_engine:
    dependency: transitive
    description: flutter
    source: sdk
    version: "0.0.99"
  source_gen:
    dependency: "direct overridden"
    description:
      name: source_gen
      sha256: "373f96cf5a8744bc9816c1ff41cf5391bbdbe3d7a96fe98c622b6738a8a7bd33"
      url: "https://pub.dev"
    source: hosted
    version: "1.3.2"
  source_maps:
    dependency: transitive
    description:
      name: source_maps
      sha256: "52de2200bb098de739794c82d09c41ac27b2e42fd7e23cce7b9c74bf653c7296"
      url: "https://pub.dev"
    source: hosted
    version: "0.10.10"
  source_span:
    dependency: transitive
    description:
      name: source_span
      sha256: "53e943d4206a5e30df338fd4c6e7a077e02254531b138a15aec3bd143c1a8b3c"
      url: "https://pub.dev"
    source: hosted
    version: "1.10.0"
  sprintf:
    dependency: "direct overridden"
    description:
      name: sprintf
      sha256: "1fc9ffe69d4df602376b52949af107d8f5703b77cda567c4d7d86a0693120f23"
      url: "https://pub.dev"
    source: hosted
    version: "7.0.0"
  stack_trace:
    dependency: transitive
    description:
      name: stack_trace
      sha256: c3c7d8edb15bee7f0f74debd4b9c5f3c2ea86766fe4178eb2a18eb30a0bdaed5
      url: "https://pub.dev"
    source: hosted
    version: "1.11.0"
  stream_channel:
    dependency: transitive
    description:
      name: stream_channel
      sha256: "83615bee9045c1d322bbbd1ba209b7a749c2cbcdcb3fdd1df8eb488b3279c1c8"
      url: "https://pub.dev"
    source: hosted
    version: "2.1.1"
  stream_transform:
    dependency: "direct main"
    description:
      name: stream_transform
      sha256: "14a00e794c7c11aa145a170587321aedce29769c08d7f58b1d141da75e3b1c6f"
      url: "https://pub.dev"
    source: hosted
    version: "2.1.0"
  string_scanner:
    dependency: transitive
    description:
      name: string_scanner
      sha256: "556692adab6cfa87322a115640c11f13cb77b3f076ddcc5d6ae3c20242bedcde"
      url: "https://pub.dev"
    source: hosted
    version: "1.2.0"
  sunny_dart:
    dependency: "direct main"
    description:
      path: "/Users/ericm/aesthetika/checkout/SunnyApp/sunny_dart"
      relative: false
    source: path
    version: "0.11.1"
  sunny_data:
    dependency: "direct overridden"
    description:
      path: "/Users/ericm/aesthetika/checkout/SunnyApp/sunny_data"
      relative: false
    source: path
    version: "1.0.0+2"
  sunny_sdk_core:
    dependency: "direct main"
    description:
      path: "/Users/ericm/aesthetika/checkout/SunnyApp/sunny_sdk_core"
      relative: false
    source: path
    version: "2.5.0"
  sunny_service_stubs:
    dependency: "direct main"
    description:
      path: "/Users/ericm/aesthetika/checkout/ericmartineau/sunny_service_stubs"
      relative: false
    source: path
    version: "0.5.1"
  synchronized:
    dependency: transitive
    description:
      name: synchronized
      sha256: a7f0790927c0806ae0d5eb061c713748fa6070ef0037e391a2d53c3844c09dc2
      url: "https://pub.dev"
    source: hosted
    version: "3.0.0+2"
  term_glyph:
    dependency: transitive
    description:
      name: term_glyph
      sha256: a29248a84fbb7c79282b40b8c72a1209db169a2e0542bce341da992fe1bc7e84
      url: "https://pub.dev"
    source: hosted
    version: "1.2.1"
  test_api:
    dependency: transitive
    description:
      name: test_api
      sha256: daadc9baabec998b062c9091525aa95786508b1c48e9c30f1f891b8bf6ff2e64
      url: "https://pub.dev"
    source: hosted
    version: "0.5.2"
  time:
    dependency: transitive
    description:
      name: time
      sha256: "44c6a63e372f1a06a850272c9d89b3761641743c3a1990d419fe0ebad47ab611"
      url: "https://pub.dev"
    source: hosted
    version: "2.1.0"
  timezone:
    dependency: "direct overridden"
    description:
      name: timezone
      sha256: "24c8fcdd49a805d95777a39064862133ff816ebfffe0ceff110fb5960e557964"
      url: "https://pub.dev"
    source: hosted
    version: "0.9.1"
  timing:
    dependency: transitive
    description:
      name: timing
      sha256: c386d07d7f5efc613479a7c4d9d64b03710b03cfaa7e8ad5f2bfb295a1f0dfad
      url: "https://pub.dev"
    source: hosted
    version: "1.0.0"
  typed_data:
    dependency: transitive
    description:
      name: typed_data
      sha256: "53bdf7e979cfbf3e28987552fd72f637e63f3c8724c9e56d9246942dc2fa36ee"
      url: "https://pub.dev"
    source: hosted
    version: "1.3.0"
  uri:
    dependency: "direct overridden"
    description:
      name: uri
      sha256: "889eea21e953187c6099802b7b4cf5219ba8f3518f604a1033064d45b1b8268a"
      url: "https://pub.dev"
    source: hosted
    version: "1.0.0"
  uuid:
    dependency: "direct overridden"
    description:
      name: uuid
      sha256: "648e103079f7c64a36dc7d39369cabb358d377078a051d6ae2ad3aa539519313"
      url: "https://pub.dev"
    source: hosted
    version: "3.0.7"
  vector_math:
    dependency: transitive
    description:
      name: vector_math
      sha256: "80b3257d1492ce4d091729e3a67a60407d227c27241d6927be0130c98e741803"
      url: "https://pub.dev"
    source: hosted
    version: "2.1.4"
  watcher:
    dependency: transitive
    description:
      name: watcher
      sha256: e42dfcc48f67618344da967b10f62de57e04bae01d9d3af4c2596f3712a88c99
      url: "https://pub.dev"
    source: hosted
    version: "1.0.1"
  web_socket_channel:
    dependency: transitive
    description:
      name: web_socket_channel
      sha256: d88238e5eac9a42bb43ca4e721edba3c08c6354d4a53063afaa568516217621b
      url: "https://pub.dev"
    source: hosted
    version: "2.4.0"
  win32:
    dependency: "direct overridden"
    description:
      name: win32
      sha256: "7dacfda1edcca378031db9905ad7d7bd56b29fd1a90b0908b71a52a12c41e36b"
      url: "https://pub.dev"
    source: hosted
    version: "5.0.3"
  worker_service:
    dependency: "direct main"
    description:
      path: "/Users/ericm/aesthetika/checkout/SunnyApp/worker_service"
      relative: false
    source: path
    version: "0.7.4"
  xdg_directories:
    dependency: transitive
    description:
      name: xdg_directories
      sha256: "060b6e1c891d956f72b5ac9463466c37cce3fa962a921532fc001e86fe93438e"
      url: "https://pub.dev"
    source: hosted
    version: "0.2.0+1"
  yaml:
    dependency: transitive
    description:
      name: yaml
      sha256: "3cee79b1715110341012d27756d9bae38e650588acd38d3f3c610822e1337ace"
      url: "https://pub.dev"
    source: hosted
    version: "3.1.0"
sdks:
  dart: ">=3.0.0-0 <4.0.0"
  flutter: ">=3.3.0"
